// !$*UTF8*$!
{
	archiveVersion = 1;
	classes = {
	};
	objectVersion = 50;
	objects = {

/* Begin PBXBuildFile section */
		EB286646255BA65800FEFEC2 /* AppDelegate.swift in Sources */ = {isa = PBXBuildFile; fileRef = EB286645255BA65800FEFEC2 /* AppDelegate.swift */; };
		EB286648255BA65800FEFEC2 /* SceneDelegate.swift in Sources */ = {isa = PBXBuildFile; fileRef = EB286647255BA65800FEFEC2 /* SceneDelegate.swift */; };
		EB28664A255BA65800FEFEC2 /* ContentView.swift in Sources */ = {isa = PBXBuildFile; fileRef = EB286649255BA65800FEFEC2 /* ContentView.swift */; };
		EB28664C255BA65900FEFEC2 /* Assets.xcassets in Resources */ = {isa = PBXBuildFile; fileRef = EB28664B255BA65900FEFEC2 /* Assets.xcassets */; };
		EB28664F255BA65900FEFEC2 /* Preview Assets.xcassets in Resources */ = {isa = PBXBuildFile; fileRef = EB28664E255BA65900FEFEC2 /* Preview Assets.xcassets */; };
		EB286652255BA65900FEFEC2 /* LaunchScreen.storyboard in Resources */ = {isa = PBXBuildFile; fileRef = EB286650255BA65900FEFEC2 /* LaunchScreen.storyboard */; };
		EB286663255BA81E00FEFEC2 /* ProductsRow.swift in Sources */ = {isa = PBXBuildFile; fileRef = EB286660255BA81D00FEFEC2 /* ProductsRow.swift */; };
		EB286664255BA81E00FEFEC2 /* SPTextField.swift in Sources */ = {isa = PBXBuildFile; fileRef = EB286661255BA81E00FEFEC2 /* SPTextField.swift */; };
		EB286665255BA81E00FEFEC2 /* ProductsList.swift in Sources */ = {isa = PBXBuildFile; fileRef = EB286662255BA81E00FEFEC2 /* ProductsList.swift */; };
		EB28666C255BA82D00FEFEC2 /* Favourites.swift in Sources */ = {isa = PBXBuildFile; fileRef = EB286666255BA82D00FEFEC2 /* Favourites.swift */; };
		EB28666D255BA82D00FEFEC2 /* LoginView.swift in Sources */ = {isa = PBXBuildFile; fileRef = EB286667255BA82D00FEFEC2 /* LoginView.swift */; };
		EB28666E255BA82D00FEFEC2 /* WelcomeView.swift in Sources */ = {isa = PBXBuildFile; fileRef = EB286668255BA82D00FEFEC2 /* WelcomeView.swift */; };
		EB28666F255BA82D00FEFEC2 /* ProductsView.swift in Sources */ = {isa = PBXBuildFile; fileRef = EB286669255BA82D00FEFEC2 /* ProductsView.swift */; };
		EB286670255BA82D00FEFEC2 /* ProfileView.swift in Sources */ = {isa = PBXBuildFile; fileRef = EB28666A255BA82D00FEFEC2 /* ProfileView.swift */; };
		EB286671255BA82D00FEFEC2 /* SignUpView.swift in Sources */ = {isa = PBXBuildFile; fileRef = EB28666B255BA82D00FEFEC2 /* SignUpView.swift */; };
		EB286673255BA83600FEFEC2 /* ServerCommunication.swift in Sources */ = {isa = PBXBuildFile; fileRef = EB286672255BA83600FEFEC2 /* ServerCommunication.swift */; };
/* End PBXBuildFile section */

/* Begin PBXFileReference section */
		EB286642255BA65800FEFEC2 /* ProductsWithSwiftUI.app */ = {isa = PBXFileReference; explicitFileType = wrapper.application; includeInIndex = 0; path = ProductsWithSwiftUI.app; sourceTree = BUILT_PRODUCTS_DIR; };
		EB286645255BA65800FEFEC2 /* AppDelegate.swift */ = {isa = PBXFileReference; lastKnownFileType = sourcecode.swift; path = AppDelegate.swift; sourceTree = "<group>"; };
		EB286647255BA65800FEFEC2 /* SceneDelegate.swift */ = {isa = PBXFileReference; lastKnownFileType = sourcecode.swift; path = SceneDelegate.swift; sourceTree = "<group>"; };
		EB286649255BA65800FEFEC2 /* ContentView.swift */ = {isa = PBXFileReference; lastKnownFileType = sourcecode.swift; path = ContentView.swift; sourceTree = "<group>"; };
		EB28664B255BA65900FEFEC2 /* Assets.xcassets */ = {isa = PBXFileReference; lastKnownFileType = folder.assetcatalog; path = Assets.xcassets; sourceTree = "<group>"; };
		EB28664E255BA65900FEFEC2 /* Preview Assets.xcassets */ = {isa = PBXFileReference; lastKnownFileType = folder.assetcatalog; path = "Preview Assets.xcassets"; sourceTree = "<group>"; };
		EB286651255BA65900FEFEC2 /* Base */ = {isa = PBXFileReference; lastKnownFileType = file.storyboard; name = Base; path = Base.lproj/LaunchScreen.storyboard; sourceTree = "<group>"; };
		EB286653255BA65900FEFEC2 /* Info.plist */ = {isa = PBXFileReference; lastKnownFileType = text.plist.xml; path = Info.plist; sourceTree = "<group>"; };
		EB286660255BA81D00FEFEC2 /* ProductsRow.swift */ = {isa = PBXFileReference; fileEncoding = 4; lastKnownFileType = sourcecode.swift; path = ProductsRow.swift; sourceTree = "<group>"; };
		EB286661255BA81E00FEFEC2 /* SPTextField.swift */ = {isa = PBXFileReference; fileEncoding = 4; lastKnownFileType = sourcecode.swift; path = SPTextField.swift; sourceTree = "<group>"; };
		EB286662255BA81E00FEFEC2 /* ProductsList.swift */ = {isa = PBXFileReference; fileEncoding = 4; lastKnownFileType = sourcecode.swift; path = ProductsList.swift; sourceTree = "<group>"; };
		EB286666255BA82D00FEFEC2 /* Favourites.swift */ = {isa = PBXFileReference; fileEncoding = 4; lastKnownFileType = sourcecode.swift; path = Favourites.swift; sourceTree = "<group>"; };
		EB286667255BA82D00FEFEC2 /* LoginView.swift */ = {isa = PBXFileReference; fileEncoding = 4; lastKnownFileType = sourcecode.swift; path = LoginView.swift; sourceTree = "<group>"; };
		EB286668255BA82D00FEFEC2 /* WelcomeView.swift */ = {isa = PBXFileReference; fileEncoding = 4; lastKnownFileType = sourcecode.swift; path = WelcomeView.swift; sourceTree = "<group>"; };
		EB286669255BA82D00FEFEC2 /* ProductsView.swift */ = {isa = PBXFileReference; fileEncoding = 4; lastKnownFileType = sourcecode.swift; path = ProductsView.swift; sourceTree = "<group>"; };
		EB28666A255BA82D00FEFEC2 /* ProfileView.swift */ = {isa = PBXFileReference; fileEncoding = 4; lastKnownFileType = sourcecode.swift; path = ProfileView.swift; sourceTree = "<group>"; };
		EB28666B255BA82D00FEFEC2 /* SignUpView.swift */ = {isa = PBXFileReference; fileEncoding = 4; lastKnownFileType = sourcecode.swift; path = SignUpView.swift; sourceTree = "<group>"; };
		EB286672255BA83600FEFEC2 /* ServerCommunication.swift */ = {isa = PBXFileReference; fileEncoding = 4; lastKnownFileType = sourcecode.swift; path = ServerCommunication.swift; sourceTree = "<group>"; };
/* End PBXFileReference section */

/* Begin PBXFrameworksBuildPhase section */
		EB28663F255BA65800FEFEC2 /* Frameworks */ = {
			isa = PBXFrameworksBuildPhase;
			buildActionMask = 2147483647;
			files = (
			);
			runOnlyForDeploymentPostprocessing = 0;
		};
/* End PBXFrameworksBuildPhase section */

/* Begin PBXGroup section */
		EB286639255BA65700FEFEC2 = {
			isa = PBXGroup;
			children = (
				EB286644255BA65800FEFEC2 /* ProductsWithSwiftUI */,
				EB286643255BA65800FEFEC2 /* Products */,
			);
			sourceTree = "<group>";
		};
		EB286643255BA65800FEFEC2 /* Products */ = {
			isa = PBXGroup;
			children = (
				EB286642255BA65800FEFEC2 /* ProductsWithSwiftUI.app */,
			);
			name = Products;
			sourceTree = "<group>";
		};
		EB286644255BA65800FEFEC2 /* ProductsWithSwiftUI */ = {
			isa = PBXGroup;
			children = (
				EB28665A255BA74D00FEFEC2 /* Application */,
				EB28665E255BA7E900FEFEC2 /* Model */,
				EB28665D255BA7D000FEFEC2 /* View */,
				EB28665F255BA7F000FEFEC2 /* UI Components */,
				EB28665C255BA7A400FEFEC2 /* Assets */,
				EB28665B255BA77300FEFEC2 /* Launch Screen */,
				EB286659255BA66300FEFEC2 /* P-List Files */,
				EB28664D255BA65900FEFEC2 /* Preview Content */,
			);
			path = ProductsWithSwiftUI;
			sourceTree = "<group>";
		};
		EB28664D255BA65900FEFEC2 /* Preview Content */ = {
			isa = PBXGroup;
			children = (
				EB28664E255BA65900FEFEC2 /* Preview Assets.xcassets */,
			);
			path = "Preview Content";
			sourceTree = "<group>";
		};
		EB286659255BA66300FEFEC2 /* P-List Files */ = {
			isa = PBXGroup;
			children = (
				EB286653255BA65900FEFEC2 /* Info.plist */,
			);
			path = "P-List Files";
			sourceTree = "<group>";
		};
		EB28665A255BA74D00FEFEC2 /* Application */ = {
			isa = PBXGroup;
			children = (
				EB286645255BA65800FEFEC2 /* AppDelegate.swift */,
				EB286647255BA65800FEFEC2 /* SceneDelegate.swift */,
			);
			path = Application;
			sourceTree = "<group>";
		};
		EB28665B255BA77300FEFEC2 /* Launch Screen */ = {
			isa = PBXGroup;
			children = (
				EB286650255BA65900FEFEC2 /* LaunchScreen.storyboard */,
			);
			path = "Launch Screen";
			sourceTree = "<group>";
		};
		EB28665C255BA7A400FEFEC2 /* Assets */ = {
			isa = PBXGroup;
			children = (
				EB28664B255BA65900FEFEC2 /* Assets.xcassets */,
			);
			path = Assets;
			sourceTree = "<group>";
		};
		EB28665D255BA7D000FEFEC2 /* View */ = {
			isa = PBXGroup;
			children = (
				EB286649255BA65800FEFEC2 /* ContentView.swift */,
				EB286668255BA82D00FEFEC2 /* WelcomeView.swift */,
				EB286667255BA82D00FEFEC2 /* LoginView.swift */,
				EB28666B255BA82D00FEFEC2 /* SignUpView.swift */,
				EB286669255BA82D00FEFEC2 /* ProductsView.swift */,
				EB286666255BA82D00FEFEC2 /* Favourites.swift */,
				EB28666A255BA82D00FEFEC2 /* ProfileView.swift */,
			);
			path = View;
			sourceTree = "<group>";
		};
		EB28665E255BA7E900FEFEC2 /* Model */ = {
			isa = PBXGroup;
			children = (
				EB286672255BA83600FEFEC2 /* ServerCommunication.swift */,
			);
			path = Model;
			sourceTree = "<group>";
		};
		EB28665F255BA7F000FEFEC2 /* UI Components */ = {
			isa = PBXGroup;
			children = (
				EB286662255BA81E00FEFEC2 /* ProductsList.swift */,
				EB286660255BA81D00FEFEC2 /* ProductsRow.swift */,
				EB286661255BA81E00FEFEC2 /* SPTextField.swift */,
			);
			path = "UI Components";
			sourceTree = "<group>";
		};
/* End PBXGroup section */

/* Begin PBXNativeTarget section */
		EB286641255BA65800FEFEC2 /* ProductsWithSwiftUI */ = {
			isa = PBXNativeTarget;
			buildConfigurationList = EB286656255BA65900FEFEC2 /* Build configuration list for PBXNativeTarget "ProductsWithSwiftUI" */;
			buildPhases = (
				EB28663E255BA65800FEFEC2 /* Sources */,
				EB28663F255BA65800FEFEC2 /* Frameworks */,
				EB286640255BA65800FEFEC2 /* Resources */,
			);
			buildRules = (
			);
			dependencies = (
			);
			name = ProductsWithSwiftUI;
			productName = ProductsWithSwiftUI;
			productReference = EB286642255BA65800FEFEC2 /* ProductsWithSwiftUI.app */;
			productType = "com.apple.product-type.application";
		};
/* End PBXNativeTarget section */

/* Begin PBXProject section */
		EB28663A255BA65700FEFEC2 /* Project object */ = {
			isa = PBXProject;
			attributes = {
				LastSwiftUpdateCheck = 1160;
				LastUpgradeCheck = 1160;
				ORGANIZATIONNAME = Siliconplex;
				TargetAttributes = {
					EB286641255BA65800FEFEC2 = {
						CreatedOnToolsVersion = 11.6;
					};
				};
			};
			buildConfigurationList = EB28663D255BA65700FEFEC2 /* Build configuration list for PBXProject "ProductsWithSwiftUI" */;
			compatibilityVersion = "Xcode 9.3";
			developmentRegion = en;
			hasScannedForEncodings = 0;
			knownRegions = (
				en,
				Base,
			);
			mainGroup = EB286639255BA65700FEFEC2;
			productRefGroup = EB286643255BA65800FEFEC2 /* Products */;
			projectDirPath = "";
			projectRoot = "";
			targets = (
				EB286641255BA65800FEFEC2 /* ProductsWithSwiftUI */,
			);
		};
/* End PBXProject section */

/* Begin PBXResourcesBuildPhase section */
		EB286640255BA65800FEFEC2 /* Resources */ = {
			isa = PBXResourcesBuildPhase;
			buildActionMask = 2147483647;
			files = (
				EB286652255BA65900FEFEC2 /* LaunchScreen.storyboard in Resources */,
				EB28664F255BA65900FEFEC2 /* Preview Assets.xcassets in Resources */,
				EB28664C255BA65900FEFEC2 /* Assets.xcassets in Resources */,
			);
			runOnlyForDeploymentPostprocessing = 0;
		};
/* End PBXResourcesBuildPhase section */

/* Begin PBXSourcesBuildPhase section */
		EB28663E255BA65800FEFEC2 /* Sources */ = {
			isa = PBXSourcesBuildPhase;
			buildActionMask = 2147483647;
			files = (
				EB286663255BA81E00FEFEC2 /* ProductsRow.swift in Sources */,
				EB286673255BA83600FEFEC2 /* ServerCommunication.swift in Sources */,
				EB28666C255BA82D00FEFEC2 /* Favourites.swift in Sources */,
				EB286646255BA65800FEFEC2 /* AppDelegate.swift in Sources */,
				EB286648255BA65800FEFEC2 /* SceneDelegate.swift in Sources */,
				EB286671255BA82D00FEFEC2 /* SignUpView.swift in Sources */,
				EB28666F255BA82D00FEFEC2 /* ProductsView.swift in Sources */,
				EB286664255BA81E00FEFEC2 /* SPTextField.swift in Sources */,
				EB28666E255BA82D00FEFEC2 /* WelcomeView.swift in Sources */,
				EB28664A255BA65800FEFEC2 /* ContentView.swift in Sources */,
				EB28666D255BA82D00FEFEC2 /* LoginView.swift in Sources */,
				EB286670255BA82D00FEFEC2 /* ProfileView.swift in Sources */,
				EB286665255BA81E00FEFEC2 /* ProductsList.swift in Sources */,
			);
			runOnlyForDeploymentPostprocessing = 0;
		};
/* End PBXSourcesBuildPhase section */

/* Begin PBXVariantGroup section */
		EB286650255BA65900FEFEC2 /* LaunchScreen.storyboard */ = {
			isa = PBXVariantGroup;
			children = (
				EB286651255BA65900FEFEC2 /* Base */,
			);
			name = LaunchScreen.storyboard;
			sourceTree = "<group>";
		};
/* End PBXVariantGroup section */

/* Begin XCBuildConfiguration section */
		EB286654255BA65900FEFEC2 /* Debug */ = {
			isa = XCBuildConfiguration;
			buildSettings = {
				ALWAYS_SEARCH_USER_PATHS = NO;
				CLANG_ANALYZER_NONNULL = YES;
				CLANG_ANALYZER_NUMBER_OBJECT_CONVERSION = YES_AGGRESSIVE;
				CLANG_CXX_LANGUAGE_STANDARD = "gnu++14";
				CLANG_CXX_LIBRARY = "libc++";
				CLANG_ENABLE_MODULES = YES;
				CLANG_ENABLE_OBJC_ARC = YES;
				CLANG_ENABLE_OBJC_WEAK = YES;
				CLANG_WARN_BLOCK_CAPTURE_AUTORELEASING = YES;
				CLANG_WARN_BOOL_CONVERSION = YES;
				CLANG_WARN_COMMA = YES;
				CLANG_WARN_CONSTANT_CONVERSION = YES;
				CLANG_WARN_DEPRECATED_OBJC_IMPLEMENTATIONS = YES;
				CLANG_WARN_DIRECT_OBJC_ISA_USAGE = YES_ERROR;
				CLANG_WARN_DOCUMENTATION_COMMENTS = YES;
				CLANG_WARN_EMPTY_BODY = YES;
				CLANG_WARN_ENUM_CONVERSION = YES;
				CLANG_WARN_INFINITE_RECURSION = YES;
				CLANG_WARN_INT_CONVERSION = YES;
				CLANG_WARN_NON_LITERAL_NULL_CONVERSION = YES;
				CLANG_WARN_OBJC_IMPLICIT_RETAIN_SELF = YES;
				CLANG_WARN_OBJC_LITERAL_CONVERSION = YES;
				CLANG_WARN_OBJC_ROOT_CLASS = YES_ERROR;
				CLANG_WARN_RANGE_LOOP_ANALYSIS = YES;
				CLANG_WARN_STRICT_PROTOTYPES = YES;
				CLANG_WARN_SUSPICIOUS_MOVE = YES;
				CLANG_WARN_UNGUARDED_AVAILABILITY = YES_AGGRESSIVE;
				CLANG_WARN_UNREACHABLE_CODE = YES;
				CLANG_WARN__DUPLICATE_METHOD_MATCH = YES;
				COPY_PHASE_STRIP = NO;
				DEBUG_INFORMATION_FORMAT = dwarf;
				ENABLE_STRICT_OBJC_MSGSEND = YES;
				ENABLE_TESTABILITY = YES;
				GCC_C_LANGUAGE_STANDARD = gnu11;
				GCC_DYNAMIC_NO_PIC = NO;
				GCC_NO_COMMON_BLOCKS = YES;
				GCC_OPTIMIZATION_LEVEL = 0;
				GCC_PREPROCESSOR_DEFINITIONS = (
					"DEBUG=1",
					"$(inherited)",
				);
				GCC_WARN_64_TO_32_BIT_CONVERSION = YES;
				GCC_WARN_ABOUT_RETURN_TYPE = YES_ERROR;
				GCC_WARN_UNDECLARED_SELECTOR = YES;
				GCC_WARN_UNINITIALIZED_AUTOS = YES_AGGRESSIVE;
				GCC_WARN_UNUSED_FUNCTION = YES;
				GCC_WARN_UNUSED_VARIABLE = YES;
				IPHONEOS_DEPLOYMENT_TARGET = 13.6;
				MTL_ENABLE_DEBUG_INFO = INCLUDE_SOURCE;
				MTL_FAST_MATH = YES;
				ONLY_ACTIVE_ARCH = YES;
				SDKROOT = iphoneos;
				SWIFT_ACTIVE_COMPILATION_CONDITIONS = DEBUG;
				SWIFT_OPTIMIZATION_LEVEL = "-Onone";
			};
			name = Debug;
		};
		EB286655255BA65900FEFEC2 /* Release */ = {
			isa = XCBuildConfiguration;
			buildSettings = {
				ALWAYS_SEARCH_USER_PATHS = NO;
				CLANG_ANALYZER_NONNULL = YES;
				CLANG_ANALYZER_NUMBER_OBJECT_CONVERSION = YES_AGGRESSIVE;
				CLANG_CXX_LANGUAGE_STANDARD = "gnu++14";
				CLANG_CXX_LIBRARY = "libc++";
				CLANG_ENABLE_MODULES = YES;
				CLANG_ENABLE_OBJC_ARC = YES;
				CLANG_ENABLE_OBJC_WEAK = YES;
				CLANG_WARN_BLOCK_CAPTURE_AUTORELEASING = YES;
				CLANG_WARN_BOOL_CONVERSION = YES;
				CLANG_WARN_COMMA = YES;
				CLANG_WARN_CONSTANT_CONVERSION = YES;
				CLANG_WARN_DEPRECATED_OBJC_IMPLEMENTATIONS = YES;
				CLANG_WARN_DIRECT_OBJC_ISA_USAGE = YES_ERROR;
				CLANG_WARN_DOCUMENTATION_COMMENTS = YES;
				CLANG_WARN_EMPTY_BODY = YES;
				CLANG_WARN_ENUM_CONVERSION = YES;
				CLANG_WARN_INFINITE_RECURSION = YES;
				CLANG_WARN_INT_CONVERSION = YES;
				CLANG_WARN_NON_LITERAL_NULL_CONVERSION = YES;
				CLANG_WARN_OBJC_IMPLICIT_RETAIN_SELF = YES;
				CLANG_WARN_OBJC_LITERAL_CONVERSION = YES;
				CLANG_WARN_OBJC_ROOT_CLASS = YES_ERROR;
				CLANG_WARN_RANGE_LOOP_ANALYSIS = YES;
				CLANG_WARN_STRICT_PROTOTYPES = YES;
				CLANG_WARN_SUSPICIOUS_MOVE = YES;
				CLANG_WARN_UNGUARDED_AVAILABILITY = YES_AGGRESSIVE;
				CLANG_WARN_UNREACHABLE_CODE = YES;
				CLANG_WARN__DUPLICATE_METHOD_MATCH = YES;
				COPY_PHASE_STRIP = NO;
				DEBUG_INFORMATION_FORMAT = "dwarf-with-dsym";
				ENABLE_NS_ASSERTIONS = NO;
				ENABLE_STRICT_OBJC_MSGSEND = YES;
				GCC_C_LANGUAGE_STANDARD = gnu11;
				GCC_NO_COMMON_BLOCKS = YES;
				GCC_WARN_64_TO_32_BIT_CONVERSION = YES;
				GCC_WARN_ABOUT_RETURN_TYPE = YES_ERROR;
				GCC_WARN_UNDECLARED_SELECTOR = YES;
				GCC_WARN_UNINITIALIZED_AUTOS = YES_AGGRESSIVE;
				GCC_WARN_UNUSED_FUNCTION = YES;
				GCC_WARN_UNUSED_VARIABLE = YES;
				IPHONEOS_DEPLOYMENT_TARGET = 13.6;
				MTL_ENABLE_DEBUG_INFO = NO;
				MTL_FAST_MATH = YES;
				SDKROOT = iphoneos;
				SWIFT_COMPILATION_MODE = wholemodule;
				SWIFT_OPTIMIZATION_LEVEL = "-O";
				VALIDATE_PRODUCT = YES;
			};
			name = Release;
		};
		EB286657255BA65900FEFEC2 /* Debug */ = {
			isa = XCBuildConfiguration;
			buildSettings = {
				ASSETCATALOG_COMPILER_APPICON_NAME = AppIcon;
				CODE_SIGN_STYLE = Automatic;
				DEVELOPMENT_ASSET_PATHS = "\"ProductsWithSwiftUI/Preview Content\"";
				ENABLE_PREVIEWS = YES;
				INFOPLIST_FILE = "ProductsWithSwiftUI/P-List Files/Info.plist";
				LD_RUNPATH_SEARCH_PATHS = (
					"$(inherited)",
					"@executable_path/Frameworks",
				);
				PRODUCT_BUNDLE_IDENTIFIER = com.siliconplex.ProductsWithSwiftUI;
				PRODUCT_NAME = "$(TARGET_NAME)";
				SWIFT_VERSION = 5.0;
				TARGETED_DEVICE_FAMILY = "1,2";
			};
			name = Debug;
		};
		EB286658255BA65900FEFEC2 /* Release */ = {
			isa = XCBuildConfiguration;
			buildSettings = {
				ASSETCATALOG_COMPILER_APPICON_NAME = AppIcon;
				CODE_SIGN_STYLE = Automatic;
				DEVELOPMENT_ASSET_PATHS = "\"ProductsWithSwiftUI/Preview Content\"";
				ENABLE_PREVIEWS = YES;
				INFOPLIST_FILE = "ProductsWithSwiftUI/P-List Files/Info.plist";
				LD_RUNPATH_SEARCH_PATHS = (
					"$(inherited)",
					"@executable_path/Frameworks",
				);
				PRODUCT_BUNDLE_IDENTIFIER = com.siliconplex.ProductsWithSwiftUI;
				PRODUCT_NAME = "$(TARGET_NAME)";
				SWIFT_VERSION = 5.0;
				TARGETED_DEVICE_FAMILY = "1,2";
			};
			name = Release;
		};
/* End XCBuildConfiguration section */

/* Begin XCConfigurationList section */
		EB28663D255BA65700FEFEC2 /* Build configuration list for PBXProject "ProductsWithSwiftUI" */ = {
			isa = XCConfigurationList;
			buildConfigurations = (
				EB286654255BA65900FEFEC2 /* Debug */,
				EB286655255BA65900FEFEC2 /* Release */,
			);
			defaultConfigurationIsVisible = 0;
			defaultConfigurationName = Release;
		};
		EB286656255BA65900FEFEC2 /* Build configuration list for PBXNativeTarget "ProductsWithSwiftUI" */ = {
			isa = XCConfigurationList;
			buildConfigurations = (
				EB286657255BA65900FEFEC2 /* Debug */,
				EB286658255BA65900FEFEC2 /* Release */,
			);
			defaultConfigurationIsVisible = 0;
			defaultConfigurationName = Release;
		};
/* End XCConfigurationList section */
	};
	rootObject = EB28663A255BA65700FEFEC2 /* Project object */;
}
